
Microsoft Visual Studio Solution File, Format Version 12.00
# Visual Studio Version 17
VisualStudioVersion = 17.5.33424.131
MinimumVisualStudioVersion = 10.0.40219.1
Project("{FAE04EC0-301F-11D3-BF4B-00C04F79EFBC}") = "CMP1124M-Algorithms-and-Complexity-Assessment-Item-1", "CMP1124M-Algorithms-and-Complexity-Assessment-Item-1\CMP1124M-Algorithms-and-Complexity-Assessment-Item-1.csproj", "{8161F056-58EF-437B-A597-06096A57538C}"
EndProject
Global
	GlobalSection(SolutionConfigurationPlatforms) = preSolution
		Debug|Any CPU = Debug|Any CPU
		Release|Any CPU = Release|Any CPU
	EndGlobalSection
	GlobalSection(ProjectConfigurationPlatforms) = postSolution
		{8161F056-58EF-437B-A597-06096A57538C}.Debug|Any CPU.ActiveCfg = Debug|Any CPU
		{8161F056-58EF-437B-A597-06096A57538C}.Debug|Any CPU.Build.0 = Debug|Any CPU
		{8161F056-58EF-437B-A597-06096A57538C}.Release|Any CPU.ActiveCfg = Release|Any CPU
		{8161F056-58EF-437B-A597-06096A57538C}.Release|Any CPU.Build.0 = Release|Any CPU
	EndGlobalSection
	GlobalSection(SolutionProperties) = preSolution
		HideSolutionNode = FALSE
	EndGlobalSection
	GlobalSection(ExtensibilityGlobals) = postSolution
		SolutionGuid = {A2DF45F5-AD9F-47A4-9A17-00CC2E9DC194}
	EndGlobalSection
EndGlobal
